
Microsoft Visual Studio Solution File, Format Version 12.00
# Visual Studio Version 16
VisualStudioVersion = 16.0.29806.167
MinimumVisualStudioVersion = 10.0.40219.1
Project("{FAE04EC0-301F-11D3-BF4B-00C04F79EFBC}") = "CryptologyApp", "CryptologyApp\CryptologyApp.csproj", "{D80DE0DF-E647-4053-9547-9C30715E327E}"
EndProject
Global
	GlobalSection(SolutionConfigurationPlatforms) = preSolution
		Debug|Any CPU = Debug|Any CPU
		Release|Any CPU = Release|Any CPU
	EndGlobalSection
	GlobalSection(ProjectConfigurationPlatforms) = postSolution
		{D80DE0DF-E647-4053-9547-9C30715E327E}.Debug|Any CPU.ActiveCfg = Debug|Any CPU
		{D80DE0DF-E647-4053-9547-9C30715E327E}.Debug|Any CPU.Build.0 = Debug|Any CPU
		{D80DE0DF-E647-4053-9547-9C30715E327E}.Release|Any CPU.ActiveCfg = Release|Any CPU
		{D80DE0DF-E647-4053-9547-9C30715E327E}.Release|Any CPU.Build.0 = Release|Any CPU
	EndGlobalSection
	GlobalSection(SolutionProperties) = preSolution
		HideSolutionNode = FALSE
	EndGlobalSection
	GlobalSection(ExtensibilityGlobals) = postSolution
		SolutionGuid = {669565B3-3EAA-430C-95D8-8D0DDCCC09A8}
	EndGlobalSection
EndGlobal
